
Microsoft Visual Studio Solution File, Format Version 12.00
# Visual Studio Version 16
VisualStudioVersion = 16.0.29709.97
MinimumVisualStudioVersion = 10.0.40219.1
Project("{FAE04EC0-301F-11D3-BF4B-00C04F79EFBC}") = "UnpackFromFolder", "UnpackFromFolder\UnpackFromFolder.csproj", "{CCC63DD2-CEE4-4D1E-8ECD-707F4D941EAC}"
EndProject
Global
	GlobalSection(SolutionConfigurationPlatforms) = preSolution
		Debug|Any CPU = Debug|Any CPU
		Release|Any CPU = Release|Any CPU
	EndGlobalSection
	GlobalSection(ProjectConfigurationPlatforms) = postSolution
		{CCC63DD2-CEE4-4D1E-8ECD-707F4D941EAC}.Debug|Any CPU.ActiveCfg = Debug|Any CPU
		{CCC63DD2-CEE4-4D1E-8ECD-707F4D941EAC}.Debug|Any CPU.Build.0 = Debug|Any CPU
		{CCC63DD2-CEE4-4D1E-8ECD-707F4D941EAC}.Release|Any CPU.ActiveCfg = Release|Any CPU
		{CCC63DD2-CEE4-4D1E-8ECD-707F4D941EAC}.Release|Any CPU.Build.0 = Release|Any CPU
	EndGlobalSection
	GlobalSection(SolutionProperties) = preSolution
		HideSolutionNode = FALSE
	EndGlobalSection
	GlobalSection(ExtensibilityGlobals) = postSolution
		SolutionGuid = {17E45F6E-1232-4A19-B3D4-AAD623ED1DC8}
	EndGlobalSection
EndGlobal
